
Microsoft Visual Studio Solution File, Format Version 12.00
# Visual Studio Version 16
VisualStudioVersion = 16.0.33328.57
MinimumVisualStudioVersion = 10.0.40219.1
Project("{FAE04EC0-301F-11D3-BF4B-00C04F79EFBC}") = "Clave5_Grupo6", "PRUEBAPROYECTO\Clave5_Grupo6.csproj", "{978B6471-0FCA-4984-A7CA-9345C4E17B19}"
EndProject
Global
	GlobalSection(SolutionConfigurationPlatforms) = preSolution
		Debug|Any CPU = Debug|Any CPU
		Release|Any CPU = Release|Any CPU
	EndGlobalSection
	GlobalSection(ProjectConfigurationPlatforms) = postSolution
		{978B6471-0FCA-4984-A7CA-9345C4E17B19}.Debug|Any CPU.ActiveCfg = Debug|Any CPU
		{978B6471-0FCA-4984-A7CA-9345C4E17B19}.Debug|Any CPU.Build.0 = Debug|Any CPU
		{978B6471-0FCA-4984-A7CA-9345C4E17B19}.Release|Any CPU.ActiveCfg = Release|Any CPU
		{978B6471-0FCA-4984-A7CA-9345C4E17B19}.Release|Any CPU.Build.0 = Release|Any CPU
	EndGlobalSection
	GlobalSection(SolutionProperties) = preSolution
		HideSolutionNode = FALSE
	EndGlobalSection
	GlobalSection(ExtensibilityGlobals) = postSolution
		SolutionGuid = {A16772E1-3F4F-4A97-A6C6-39465BA45779}
	EndGlobalSection
EndGlobal
